
Microsoft Visual Studio Solution File, Format Version 12.00
# Visual Studio Version 16
VisualStudioVersion = 16.0.31613.86
MinimumVisualStudioVersion = 10.0.40219.1
Project("{FAE04EC0-301F-11D3-BF4B-00C04F79EFBC}") = "Lab_2_8", "Lab_2_8\Lab_2_8.csproj", "{0D422467-AF71-4D79-9EC6-B36BD4876DAD}"
EndProject
Project("{9A19103F-16F7-4668-BE54-9A1E7A4F7556}") = "Lab_2_7", "..\Lab_2_7\Lab_2_7\Lab_2_7.csproj", "{364B49FF-CFC8-408D-8667-9EA9C45474AD}"
EndProject
Project("{FAE04EC0-301F-11D3-BF4B-00C04F79EFBC}") = "Lab_2_1", "Lab_2_1\Lab_2_1.csproj", "{9D8D6FCC-E23D-4143-9A6C-95184631523E}"
EndProject
Project("{FAE04EC0-301F-11D3-BF4B-00C04F79EFBC}") = "Lab_2_2", "Lab_2_2\Lab_2_2.csproj", "{4642A696-BAFD-4F88-BC0F-5D44A7ED296F}"
EndProject
Project("{FAE04EC0-301F-11D3-BF4B-00C04F79EFBC}") = "Lab_2_3", "Lab_2_3\Lab_2_3.csproj", "{243D2983-16FC-41C3-A607-3D1E21F0481B}"
EndProject
Project("{FAE04EC0-301F-11D3-BF4B-00C04F79EFBC}") = "Lab_2_4", "Lab_2_4\Lab_2_4.csproj", "{4CB62269-0D58-4028-B455-5565F390D77D}"
EndProject
Project("{FAE04EC0-301F-11D3-BF4B-00C04F79EFBC}") = "Lab_2_5", "Lab_2_5\Lab_2_5.csproj", "{D3EE9610-3235-4D16-94C2-DEDE7EB8E728}"
EndProject
Project("{FAE04EC0-301F-11D3-BF4B-00C04F79EFBC}") = "Lab_2_6", "Lab_2_6\Lab_2_6.csproj", "{B4DC6432-4AFA-4456-B045-F2BD6391A459}"
EndProject
Global
	GlobalSection(SolutionConfigurationPlatforms) = preSolution
		Debug|Any CPU = Debug|Any CPU
		Release|Any CPU = Release|Any CPU
	EndGlobalSection
	GlobalSection(ProjectConfigurationPlatforms) = postSolution
		{0D422467-AF71-4D79-9EC6-B36BD4876DAD}.Debug|Any CPU.ActiveCfg = Debug|Any CPU
		{0D422467-AF71-4D79-9EC6-B36BD4876DAD}.Debug|Any CPU.Build.0 = Debug|Any CPU
		{0D422467-AF71-4D79-9EC6-B36BD4876DAD}.Release|Any CPU.ActiveCfg = Release|Any CPU
		{0D422467-AF71-4D79-9EC6-B36BD4876DAD}.Release|Any CPU.Build.0 = Release|Any CPU
		{364B49FF-CFC8-408D-8667-9EA9C45474AD}.Debug|Any CPU.ActiveCfg = Debug|Any CPU
		{364B49FF-CFC8-408D-8667-9EA9C45474AD}.Debug|Any CPU.Build.0 = Debug|Any CPU
		{364B49FF-CFC8-408D-8667-9EA9C45474AD}.Release|Any CPU.ActiveCfg = Release|Any CPU
		{364B49FF-CFC8-408D-8667-9EA9C45474AD}.Release|Any CPU.Build.0 = Release|Any CPU
		{9D8D6FCC-E23D-4143-9A6C-95184631523E}.Debug|Any CPU.ActiveCfg = Debug|Any CPU
		{9D8D6FCC-E23D-4143-9A6C-95184631523E}.Debug|Any CPU.Build.0 = Debug|Any CPU
		{9D8D6FCC-E23D-4143-9A6C-95184631523E}.Release|Any CPU.ActiveCfg = Release|Any CPU
		{9D8D6FCC-E23D-4143-9A6C-95184631523E}.Release|Any CPU.Build.0 = Release|Any CPU
		{4642A696-BAFD-4F88-BC0F-5D44A7ED296F}.Debug|Any CPU.ActiveCfg = Debug|Any CPU
		{4642A696-BAFD-4F88-BC0F-5D44A7ED296F}.Debug|Any CPU.Build.0 = Debug|Any CPU
		{4642A696-BAFD-4F88-BC0F-5D44A7ED296F}.Release|Any CPU.ActiveCfg = Release|Any CPU
		{4642A696-BAFD-4F88-BC0F-5D44A7ED296F}.Release|Any CPU.Build.0 = Release|Any CPU
		{243D2983-16FC-41C3-A607-3D1E21F0481B}.Debug|Any CPU.ActiveCfg = Debug|Any CPU
		{243D2983-16FC-41C3-A607-3D1E21F0481B}.Debug|Any CPU.Build.0 = Debug|Any CPU
		{243D2983-16FC-41C3-A607-3D1E21F0481B}.Release|Any CPU.ActiveCfg = Release|Any CPU
		{243D2983-16FC-41C3-A607-3D1E21F0481B}.Release|Any CPU.Build.0 = Release|Any CPU
		{4CB62269-0D58-4028-B455-5565F390D77D}.Debug|Any CPU.ActiveCfg = Debug|Any CPU
		{4CB62269-0D58-4028-B455-5565F390D77D}.Debug|Any CPU.Build.0 = Debug|Any CPU
		{4CB62269-0D58-4028-B455-5565F390D77D}.Release|Any CPU.ActiveCfg = Release|Any CPU
		{4CB62269-0D58-4028-B455-5565F390D77D}.Release|Any CPU.Build.0 = Release|Any CPU
		{D3EE9610-3235-4D16-94C2-DEDE7EB8E728}.Debug|Any CPU.ActiveCfg = Debug|Any CPU
		{D3EE9610-3235-4D16-94C2-DEDE7EB8E728}.Debug|Any CPU.Build.0 = Debug|Any CPU
		{D3EE9610-3235-4D16-94C2-DEDE7EB8E728}.Release|Any CPU.ActiveCfg = Release|Any CPU
		{D3EE9610-3235-4D16-94C2-DEDE7EB8E728}.Release|Any CPU.Build.0 = Release|Any CPU
		{B4DC6432-4AFA-4456-B045-F2BD6391A459}.Debug|Any CPU.ActiveCfg = Debug|Any CPU
		{B4DC6432-4AFA-4456-B045-F2BD6391A459}.Debug|Any CPU.Build.0 = Debug|Any CPU
		{B4DC6432-4AFA-4456-B045-F2BD6391A459}.Release|Any CPU.ActiveCfg = Release|Any CPU
		{B4DC6432-4AFA-4456-B045-F2BD6391A459}.Release|Any CPU.Build.0 = Release|Any CPU
	EndGlobalSection
	GlobalSection(SolutionProperties) = preSolution
		HideSolutionNode = FALSE
	EndGlobalSection
	GlobalSection(ExtensibilityGlobals) = postSolution
		SolutionGuid = {856D8A93-46CC-4674-ACBA-C91C76C11372}
	EndGlobalSection
EndGlobal
